PODS:
  - SDKInAppMessaging (0.1.0)

DEPENDENCIES:
  - SDKInAppMessaging (from `../`)

EXTERNAL SOURCES:
  SDKInAppMessaging:
    :path: "../"

SPEC CHECKSUMS:
  SDKInAppMessaging: 881ccb33d8cee043579242a68d3589b52d9fec6f

PODFILE CHECKSUM: 965118d9bdd5fc8791f3a1f717d26a5a2624853f

COCOAPODS: 1.9.0.beta.2
